// !$*UTF8*$!
{
	archiveVersion = 1;
	classes = {
	};
	objectVersion = 46;
	objects = {

/* Begin PBXBuildFile section */
		9A40FDF313AF650800176B67 /* Cocoa.framework in Frameworks */ = {isa = PBXBuildFile; fileRef = 9A40FDF213AF650800176B67 /* Cocoa.framework */; };
		9A40FDFD13AF650800176B67 /* InfoPlist.strings in Resources */ = {isa = PBXBuildFile; fileRef = 9A40FDFB13AF650800176B67 /* InfoPlist.strings */; };
		9A40FE0013AF650800176B67 /* main.m in Sources */ = {isa = PBXBuildFile; fileRef = 9A40FDFF13AF650800176B67 /* main.m */; };
		9A40FE0313AF650800176B67 /* Credits.rtf in Resources */ = {isa = PBXBuildFile; fileRef = 9A40FE0113AF650800176B67 /* Credits.rtf */; };
		9A40FE0613AF650800176B67 /* EnvelopAppDelegate.m in Sources */ = {isa = PBXBuildFile; fileRef = 9A40FE0513AF650800176B67 /* EnvelopAppDelegate.m */; };
		9A40FE1013AF650800176B67 /* Cocoa.framework in Frameworks */ = {isa = PBXBuildFile; fileRef = 9A40FDF213AF650800176B67 /* Cocoa.framework */; };
		9A40FE1813AF650800176B67 /* InfoPlist.strings in Resources */ = {isa = PBXBuildFile; fileRef = 9A40FE1613AF650800176B67 /* InfoPlist.strings */; };
		9A40FE1B13AF650900176B67 /* EnvelopTests.h in Resources */ = {isa = PBXBuildFile; fileRef = 9A40FE1A13AF650900176B67 /* EnvelopTests.h */; };
		9A40FE1D13AF650900176B67 /* EnvelopTests.m in Sources */ = {isa = PBXBuildFile; fileRef = 9A40FE1C13AF650900176B67 /* EnvelopTests.m */; };
		9A4167D413C0AD1300299E0F /* Envelop-new.icns in Resources */ = {isa = PBXBuildFile; fileRef = 9A4167D313C0AD1300299E0F /* Envelop-new.icns */; };
		9A5C838C13B909A800E09D35 /* StatusVolumeView.xib in Resources */ = {isa = PBXBuildFile; fileRef = 9A5C838B13B909A800E09D35 /* StatusVolumeView.xib */; };
		9A5C839013B90C9A00E09D35 /* StatusVolumeView.m in Sources */ = {isa = PBXBuildFile; fileRef = 9A5C838F13B90C9A00E09D35 /* StatusVolumeView.m */; };
		9A84028A140E7E1600D460FE /* MainMenu_New.xib in Resources */ = {isa = PBXBuildFile; fileRef = 9A840289140E7E1600D460FE /* MainMenu_New.xib */; };
		9AA7F52313B522BD00BD9077 /* MainMenu.xib in Resources */ = {isa = PBXBuildFile; fileRef = 9AA7F52213B522BD00BD9077 /* MainMenu.xib */; };
		9AA802DE140955C3002AD1A5 /* statusbar-active.png in Resources */ = {isa = PBXBuildFile; fileRef = 9AA802DC140955C3002AD1A5 /* statusbar-active.png */; };
		9AA802DF140955C3002AD1A5 /* statusbar-inactive.png in Resources */ = {isa = PBXBuildFile; fileRef = 9AA802DD140955C3002AD1A5 /* statusbar-inactive.png */; };
		9AB150AD140F956500F9B456 /* SMDoubleSlider.m in Sources */ = {isa = PBXBuildFile; fileRef = 9AB150AA140F956400F9B456 /* SMDoubleSlider.m */; };
		9AB150AE140F956500F9B456 /* SMDoubleSliderCell.m in Sources */ = {isa = PBXBuildFile; fileRef = 9AB150AC140F956400F9B456 /* SMDoubleSliderCell.m */; };
		9AC68A1A13BE545600A158B1 /* AudioUnit.framework in Frameworks */ = {isa = PBXBuildFile; fileRef = 9AC68A1913BE545600A158B1 /* AudioUnit.framework */; };
		9AD2FBA513BF306800DC99E9 /* AudioController.m in Sources */ = {isa = PBXBuildFile; fileRef = 9AD2FBA313BF306800DC99E9 /* AudioController.m */; };
		9AD92D661406B957004E7EAF /* AboutWindow.xib in Resources */ = {isa = PBXBuildFile; fileRef = 9AD92D651406B957004E7EAF /* AboutWindow.xib */; };
/* End PBXBuildFile section */

/* Begin PBXContainerItemProxy section */
		9A40FE1113AF650800176B67 /* PBXContainerItemProxy */ = {
			isa = PBXContainerItemProxy;
			containerPortal = 9A40FDE513AF650800176B67 /* Project object */;
			proxyType = 1;
			remoteGlobalIDString = 9A40FDED13AF650800176B67;
			remoteInfo = Envelop;
		};
/* End PBXContainerItemProxy section */

/* Begin PBXFileReference section */
		9A40FDEE13AF650800176B67 /* Envelop.app */ = {isa = PBXFileReference; explicitFileType = wrapper.application; includeInIndex = 0; path = Envelop.app; sourceTree = BUILT_PRODUCTS_DIR; };
		9A40FDF213AF650800176B67 /* Cocoa.framework */ = {isa = PBXFileReference; lastKnownFileType = wrapper.framework; name = Cocoa.framework; path = System/Library/Frameworks/Cocoa.framework; sourceTree = SDKROOT; };
		9A40FDF513AF650800176B67 /* AppKit.framework */ = {isa = PBXFileReference; lastKnownFileType = wrapper.framework; name = AppKit.framework; path = System/Library/Frameworks/AppKit.framework; sourceTree = SDKROOT; };
		9A40FDF613AF650800176B67 /* CoreData.framework */ = {isa = PBXFileReference; lastKnownFileType = wrapper.framework; name = CoreData.framework; path = System/Library/Frameworks/CoreData.framework; sourceTree = SDKROOT; };
		9A40FDF713AF650800176B67 /* Foundation.framework */ = {isa = PBXFileReference; lastKnownFileType = wrapper.framework; name = Foundation.framework; path = System/Library/Frameworks/Foundation.framework; sourceTree = SDKROOT; };
		9A40FDFA13AF650800176B67 /* Envelop-Info.plist */ = {isa = PBXFileReference; lastKnownFileType = text.plist.xml; path = "Envelop-Info.plist"; sourceTree = "<group>"; };
		9A40FDFC13AF650800176B67 /* en */ = {isa = PBXFileReference; lastKnownFileType = text.plist.strings; name = en; path = en.lproj/InfoPlist.strings; sourceTree = "<group>"; };
		9A40FDFE13AF650800176B67 /* Envelop-Prefix.pch */ = {isa = PBXFileReference; lastKnownFileType = sourcecode.c.h; path = "Envelop-Prefix.pch"; sourceTree = "<group>"; };
		9A40FDFF13AF650800176B67 /* main.m */ = {isa = PBXFileReference; lastKnownFileType = sourcecode.c.objc; path = main.m; sourceTree = "<group>"; };
		9A40FE0213AF650800176B67 /* en */ = {isa = PBXFileReference; lastKnownFileType = text.rtf; name = en; path = en.lproj/Credits.rtf; sourceTree = "<group>"; };
		9A40FE0413AF650800176B67 /* EnvelopAppDelegate.h */ = {isa = PBXFileReference; lastKnownFileType = sourcecode.c.h; path = EnvelopAppDelegate.h; sourceTree = "<group>"; };
		9A40FE0513AF650800176B67 /* EnvelopAppDelegate.m */ = {isa = PBXFileReference; lastKnownFileType = sourcecode.c.objc; path = EnvelopAppDelegate.m; sourceTree = "<group>"; };
		9A40FE0F13AF650800176B67 /* EnvelopTests.octest */ = {isa = PBXFileReference; explicitFileType = wrapper.cfbundle; includeInIndex = 0; path = EnvelopTests.octest; sourceTree = BUILT_PRODUCTS_DIR; };
		9A40FE1513AF650800176B67 /* EnvelopTests-Info.plist */ = {isa = PBXFileReference; lastKnownFileType = text.plist.xml; path = "EnvelopTests-Info.plist"; sourceTree = "<group>"; };
		9A40FE1713AF650800176B67 /* en */ = {isa = PBXFileReference; lastKnownFileType = text.plist.strings; name = en; path = en.lproj/InfoPlist.strings; sourceTree = "<group>"; };
		9A40FE1913AF650800176B67 /* EnvelopTests-Prefix.pch */ = {isa = PBXFileReference; lastKnownFileType = sourcecode.c.h; path = "EnvelopTests-Prefix.pch"; sourceTree = "<group>"; };
		9A40FE1A13AF650900176B67 /* EnvelopTests.h */ = {isa = PBXFileReference; lastKnownFileType = sourcecode.c.h; path = EnvelopTests.h; sourceTree = "<group>"; };
		9A40FE1C13AF650900176B67 /* EnvelopTests.m */ = {isa = PBXFileReference; lastKnownFileType = sourcecode.c.objc; path = EnvelopTests.m; sourceTree = "<group>"; };
		9A4167D313C0AD1300299E0F /* Envelop-new.icns */ = {isa = PBXFileReference; lastKnownFileType = image.icns; path = "Envelop-new.icns"; sourceTree = "<group>"; };
		9A5C838B13B909A800E09D35 /* StatusVolumeView.xib */ = {isa = PBXFileReference; fileEncoding = 4; lastKnownFileType = file.xib; path = StatusVolumeView.xib; sourceTree = "<group>"; };
		9A5C838E13B90C9A00E09D35 /* StatusVolumeView.h */ = {isa = PBXFileReference; fileEncoding = 4; lastKnownFileType = sourcecode.c.h; path = StatusVolumeView.h; sourceTree = "<group>"; };
		9A5C838F13B90C9A00E09D35 /* StatusVolumeView.m */ = {isa = PBXFileReference; fileEncoding = 4; lastKnownFileType = sourcecode.c.objc; path = StatusVolumeView.m; sourceTree = "<group>"; };
		9A840289140E7E1600D460FE /* MainMenu_New.xib */ = {isa = PBXFileReference; fileEncoding = 4; lastKnownFileType = file.xib; path = MainMenu_New.xib; sourceTree = "<group>"; };
		9AA7F52213B522BD00BD9077 /* MainMenu.xib */ = {isa = PBXFileReference; fileEncoding = 4; lastKnownFileType = file.xib; path = MainMenu.xib; sourceTree = "<group>"; };
		9AA802DC140955C3002AD1A5 /* statusbar-active.png */ = {isa = PBXFileReference; lastKnownFileType = image.png; path = "statusbar-active.png"; sourceTree = "<group>"; };
		9AA802DD140955C3002AD1A5 /* statusbar-inactive.png */ = {isa = PBXFileReference; lastKnownFileType = image.png; path = "statusbar-inactive.png"; sourceTree = "<group>"; };
		9AB150A9140F956400F9B456 /* SMDoubleSlider.h */ = {isa = PBXFileReference; fileEncoding = 4; lastKnownFileType = sourcecode.c.h; path = SMDoubleSlider.h; sourceTree = "<group>"; };
		9AB150AA140F956400F9B456 /* SMDoubleSlider.m */ = {isa = PBXFileReference; fileEncoding = 4; lastKnownFileType = sourcecode.c.objc; path = SMDoubleSlider.m; sourceTree = "<group>"; };
		9AB150AB140F956400F9B456 /* SMDoubleSliderCell.h */ = {isa = PBXFileReference; fileEncoding = 4; lastKnownFileType = sourcecode.c.h; path = SMDoubleSliderCell.h; sourceTree = "<group>"; };
		9AB150AC140F956400F9B456 /* SMDoubleSliderCell.m */ = {isa = PBXFileReference; fileEncoding = 4; lastKnownFileType = sourcecode.c.objc; path = SMDoubleSliderCell.m; sourceTree = "<group>"; };
		9AC68A1913BE545600A158B1 /* AudioUnit.framework */ = {isa = PBXFileReference; lastKnownFileType = wrapper.framework; name = AudioUnit.framework; path = System/Library/Frameworks/AudioUnit.framework; sourceTree = SDKROOT; };
		9AD2FBA313BF306800DC99E9 /* AudioController.m */ = {isa = PBXFileReference; fileEncoding = 4; lastKnownFileType = sourcecode.c.objc; path = AudioController.m; sourceTree = "<group>"; };
		9AD2FBA413BF306800DC99E9 /* AudioController.h */ = {isa = PBXFileReference; fileEncoding = 4; lastKnownFileType = sourcecode.c.h; path = AudioController.h; sourceTree = "<group>"; };
		9AD92D651406B957004E7EAF /* AboutWindow.xib */ = {isa = PBXFileReference; fileEncoding = 4; lastKnownFileType = file.xib; path = AboutWindow.xib; sourceTree = "<group>"; };
/* End PBXFileReference section */

/* Begin PBXFrameworksBuildPhase section */
		9A40FDEB13AF650800176B67 /* Frameworks */ = {
			isa = PBXFrameworksBuildPhase;
			buildActionMask = 2147483647;
			files = (
				9AC68A1A13BE545600A158B1 /* AudioUnit.framework in Frameworks */,
				9A40FDF313AF650800176B67 /* Cocoa.framework in Frameworks */,
			);
			runOnlyForDeploymentPostprocessing = 0;
		};
		9A40FE0B13AF650800176B67 /* Frameworks */ = {
			isa = PBXFrameworksBuildPhase;
			buildActionMask = 2147483647;
			files = (
				9A40FE1013AF650800176B67 /* Cocoa.framework in Frameworks */,
			);
			runOnlyForDeploymentPostprocessing = 0;
		};
/* End PBXFrameworksBuildPhase section */

/* Begin PBXGroup section */
		9A356C0B13B5E70B00D92181 /* Icons */ = {
			isa = PBXGroup;
			children = (
				9A4167D313C0AD1300299E0F /* Envelop-new.icns */,
				9AA802DC140955C3002AD1A5 /* statusbar-active.png */,
				9AA802DD140955C3002AD1A5 /* statusbar-inactive.png */,
			);
			name = Icons;
			sourceTree = "<group>";
		};
		9A40FDE313AF650800176B67 = {
			isa = PBXGroup;
			children = (
				9AB150B0140F956A00F9B456 /* Util */,
				9AC68A1913BE545600A158B1 /* AudioUnit.framework */,
				9A40FDF813AF650800176B67 /* Envelop */,
				9A40FE1313AF650800176B67 /* EnvelopTests */,
				9A40FDF113AF650800176B67 /* Frameworks */,
				9A40FDEF13AF650800176B67 /* Products */,
				9A356C0B13B5E70B00D92181 /* Icons */,
			);
			sourceTree = "<group>";
		};
		9A40FDEF13AF650800176B67 /* Products */ = {
			isa = PBXGroup;
			children = (
				9A40FDEE13AF650800176B67 /* Envelop.app */,
				9A40FE0F13AF650800176B67 /* EnvelopTests.octest */,
			);
			name = Products;
			sourceTree = "<group>";
		};
		9A40FDF113AF650800176B67 /* Frameworks */ = {
			isa = PBXGroup;
			children = (
				9A40FDF213AF650800176B67 /* Cocoa.framework */,
				9A40FDF413AF650800176B67 /* Other Frameworks */,
			);
			name = Frameworks;
			sourceTree = "<group>";
		};
		9A40FDF413AF650800176B67 /* Other Frameworks */ = {
			isa = PBXGroup;
			children = (
				9A40FDF513AF650800176B67 /* AppKit.framework */,
				9A40FDF613AF650800176B67 /* CoreData.framework */,
				9A40FDF713AF650800176B67 /* Foundation.framework */,
			);
			name = "Other Frameworks";
			sourceTree = "<group>";
		};
		9A40FDF813AF650800176B67 /* Envelop */ = {
			isa = PBXGroup;
			children = (
				9A40FE0413AF650800176B67 /* EnvelopAppDelegate.h */,
				9A40FE0513AF650800176B67 /* EnvelopAppDelegate.m */,
				9A5C838E13B90C9A00E09D35 /* StatusVolumeView.h */,
				9A5C838F13B90C9A00E09D35 /* StatusVolumeView.m */,
				9AD2FBA413BF306800DC99E9 /* AudioController.h */,
				9AD2FBA313BF306800DC99E9 /* AudioController.m */,
				9A44AA6013AFE28B00F26675 /* NIBs */,
				9A40FDF913AF650800176B67 /* Supporting Files */,
			);
			path = Envelop;
			sourceTree = "<group>";
		};
		9A40FDF913AF650800176B67 /* Supporting Files */ = {
			isa = PBXGroup;
			children = (
				9A40FDFA13AF650800176B67 /* Envelop-Info.plist */,
				9A40FDFB13AF650800176B67 /* InfoPlist.strings */,
				9A40FDFE13AF650800176B67 /* Envelop-Prefix.pch */,
				9A40FDFF13AF650800176B67 /* main.m */,
				9A40FE0113AF650800176B67 /* Credits.rtf */,
			);
			name = "Supporting Files";
			sourceTree = "<group>";
		};
		9A40FE1313AF650800176B67 /* EnvelopTests */ = {
			isa = PBXGroup;
			children = (
				9A40FE1A13AF650900176B67 /* EnvelopTests.h */,
				9A40FE1C13AF650900176B67 /* EnvelopTests.m */,
				9A40FE1413AF650800176B67 /* Supporting Files */,
			);
			path = EnvelopTests;
			sourceTree = "<group>";
		};
		9A40FE1413AF650800176B67 /* Supporting Files */ = {
			isa = PBXGroup;
			children = (
				9A40FE1513AF650800176B67 /* EnvelopTests-Info.plist */,
				9A40FE1613AF650800176B67 /* InfoPlist.strings */,
				9A40FE1913AF650800176B67 /* EnvelopTests-Prefix.pch */,
			);
			name = "Supporting Files";
			sourceTree = "<group>";
		};
		9A44AA6013AFE28B00F26675 /* NIBs */ = {
			isa = PBXGroup;
			children = (
				9AA7F52213B522BD00BD9077 /* MainMenu.xib */,
				9A840289140E7E1600D460FE /* MainMenu_New.xib */,
				9AD92D651406B957004E7EAF /* AboutWindow.xib */,
				9A5C838B13B909A800E09D35 /* StatusVolumeView.xib */,
			);
			name = NIBs;
			sourceTree = "<group>";
		};
		9AB150B0140F956A00F9B456 /* Util */ = {
			isa = PBXGroup;
			children = (
				9AB150B1140F957D00F9B456 /* SMDoubleSlider */,
			);
			name = Util;
			sourceTree = "<group>";
		};
		9AB150B1140F957D00F9B456 /* SMDoubleSlider */ = {
			isa = PBXGroup;
			children = (
				9AB150A9140F956400F9B456 /* SMDoubleSlider.h */,
				9AB150AA140F956400F9B456 /* SMDoubleSlider.m */,
				9AB150AB140F956400F9B456 /* SMDoubleSliderCell.h */,
				9AB150AC140F956400F9B456 /* SMDoubleSliderCell.m */,
			);
			name = SMDoubleSlider;
			sourceTree = "<group>";
		};
/* End PBXGroup section */

/* Begin PBXNativeTarget section */
		9A40FDED13AF650800176B67 /* Envelop */ = {
			isa = PBXNativeTarget;
			buildConfigurationList = 9A40FE2013AF650900176B67 /* Build configuration list for PBXNativeTarget "Envelop" */;
			buildPhases = (
				9A40FDEA13AF650800176B67 /* Sources */,
				9A40FDEB13AF650800176B67 /* Frameworks */,
				9A40FDEC13AF650800176B67 /* Resources */,
			);
			buildRules = (
			);
			dependencies = (
			);
			name = Envelop;
			productName = Envelop;
			productReference = 9A40FDEE13AF650800176B67 /* Envelop.app */;
			productType = "com.apple.product-type.application";
		};
		9A40FE0E13AF650800176B67 /* EnvelopTests */ = {
			isa = PBXNativeTarget;
			buildConfigurationList = 9A40FE2313AF650900176B67 /* Build configuration list for PBXNativeTarget "EnvelopTests" */;
			buildPhases = (
				9A40FE0A13AF650800176B67 /* Sources */,
				9A40FE0B13AF650800176B67 /* Frameworks */,
				9A40FE0C13AF650800176B67 /* Resources */,
				9A40FE0D13AF650800176B67 /* ShellScript */,
			);
			buildRules = (
			);
			dependencies = (
				9A40FE1213AF650800176B67 /* PBXTargetDependency */,
			);
			name = EnvelopTests;
			productName = EnvelopTests;
			productReference = 9A40FE0F13AF650800176B67 /* EnvelopTests.octest */;
			productType = "com.apple.product-type.bundle";
		};
/* End PBXNativeTarget section */

/* Begin PBXProject section */
		9A40FDE513AF650800176B67 /* Project object */ = {
			isa = PBXProject;
			attributes = {
				ORGANIZATIONNAME = Capasit;
			};
			buildConfigurationList = 9A40FDE813AF650800176B67 /* Build configuration list for PBXProject "Envelop" */;
			compatibilityVersion = "Xcode 3.2";
			developmentRegion = English;
			hasScannedForEncodings = 0;
			knownRegions = (
				en,
			);
			mainGroup = 9A40FDE313AF650800176B67;
			productRefGroup = 9A40FDEF13AF650800176B67 /* Products */;
			projectDirPath = "";
			projectRoot = "";
			targets = (
				9A40FDED13AF650800176B67 /* Envelop */,
				9A40FE0E13AF650800176B67 /* EnvelopTests */,
			);
		};
/* End PBXProject section */

/* Begin PBXResourcesBuildPhase section */
		9A40FDEC13AF650800176B67 /* Resources */ = {
			isa = PBXResourcesBuildPhase;
			buildActionMask = 2147483647;
			files = (
				9A40FDFD13AF650800176B67 /* InfoPlist.strings in Resources */,
				9A40FE0313AF650800176B67 /* Credits.rtf in Resources */,
				9AA7F52313B522BD00BD9077 /* MainMenu.xib in Resources */,
				9A5C838C13B909A800E09D35 /* StatusVolumeView.xib in Resources */,
				9A4167D413C0AD1300299E0F /* Envelop-new.icns in Resources */,
				9AD92D661406B957004E7EAF /* AboutWindow.xib in Resources */,
				9AA802DE140955C3002AD1A5 /* statusbar-active.png in Resources */,
				9AA802DF140955C3002AD1A5 /* statusbar-inactive.png in Resources */,
				9A84028A140E7E1600D460FE /* MainMenu_New.xib in Resources */,
			);
			runOnlyForDeploymentPostprocessing = 0;
		};
		9A40FE0C13AF650800176B67 /* Resources */ = {
			isa = PBXResourcesBuildPhase;
			buildActionMask = 2147483647;
			files = (
				9A40FE1813AF650800176B67 /* InfoPlist.strings in Resources */,
				9A40FE1B13AF650900176B67 /* EnvelopTests.h in Resources */,
			);
			runOnlyForDeploymentPostprocessing = 0;
		};
/* End PBXResourcesBuildPhase section */

/* Begin PBXShellScriptBuildPhase section */
		9A40FE0D13AF650800176B67 /* ShellScript */ = {
			isa = PBXShellScriptBuildPhase;
			buildActionMask = 2147483647;
			files = (
			);
			inputPaths = (
			);
			outputPaths = (
			);
			runOnlyForDeploymentPostprocessing = 0;
			shellPath = /bin/sh;
			shellScript = "# Run the unit tests in this test bundle.\n\"${SYSTEM_DEVELOPER_DIR}/Tools/RunUnitTests\"\n";
		};
/* End PBXShellScriptBuildPhase section */

/* Begin PBXSourcesBuildPhase section */
		9A40FDEA13AF650800176B67 /* Sources */ = {
			isa = PBXSourcesBuildPhase;
			buildActionMask = 2147483647;
			files = (
				9A40FE0013AF650800176B67 /* main.m in Sources */,
				9A40FE0613AF650800176B67 /* EnvelopAppDelegate.m in Sources */,
				9A5C839013B90C9A00E09D35 /* StatusVolumeView.m in Sources */,
				9AD2FBA513BF306800DC99E9 /* AudioController.m in Sources */,
				9AB150AD140F956500F9B456 /* SMDoubleSlider.m in Sources */,
				9AB150AE140F956500F9B456 /* SMDoubleSliderCell.m in Sources */,
			);
			runOnlyForDeploymentPostprocessing = 0;
		};
		9A40FE0A13AF650800176B67 /* Sources */ = {
			isa = PBXSourcesBuildPhase;
			buildActionMask = 2147483647;
			files = (
				9A40FE1D13AF650900176B67 /* EnvelopTests.m in Sources */,
			);
			runOnlyForDeploymentPostprocessing = 0;
		};
/* End PBXSourcesBuildPhase section */

/* Begin PBXTargetDependency section */
		9A40FE1213AF650800176B67 /* PBXTargetDependency */ = {
			isa = PBXTargetDependency;
			target = 9A40FDED13AF650800176B67 /* Envelop */;
			targetProxy = 9A40FE1113AF650800176B67 /* PBXContainerItemProxy */;
		};
/* End PBXTargetDependency section */

/* Begin PBXVariantGroup section */
		9A40FDFB13AF650800176B67 /* InfoPlist.strings */ = {
			isa = PBXVariantGroup;
			children = (
				9A40FDFC13AF650800176B67 /* en */,
			);
			name = InfoPlist.strings;
			sourceTree = "<group>";
		};
		9A40FE0113AF650800176B67 /* Credits.rtf */ = {
			isa = PBXVariantGroup;
			children = (
				9A40FE0213AF650800176B67 /* en */,
			);
			name = Credits.rtf;
			sourceTree = "<group>";
		};
		9A40FE1613AF650800176B67 /* InfoPlist.strings */ = {
			isa = PBXVariantGroup;
			children = (
				9A40FE1713AF650800176B67 /* en */,
			);
			name = InfoPlist.strings;
			sourceTree = "<group>";
		};
/* End PBXVariantGroup section */

/* Begin XCBuildConfiguration section */
		9A40FE1E13AF650900176B67 /* Debug */ = {
			isa = XCBuildConfiguration;
			buildSettings = {
				ARCHS = "$(ARCHS_STANDARD_32_64_BIT)";
				CODE_SIGN_IDENTITY = "";
				GCC_C_LANGUAGE_STANDARD = gnu99;
				GCC_OPTIMIZATION_LEVEL = 0;
				GCC_PREPROCESSOR_DEFINITIONS = DEBUG;
				GCC_VERSION = com.apple.compilers.llvm.clang.1_0;
				GCC_WARN_64_TO_32_BIT_CONVERSION = YES;
				GCC_WARN_ABOUT_RETURN_TYPE = YES;
				GCC_WARN_UNUSED_VARIABLE = YES;
				MACOSX_DEPLOYMENT_TARGET = 10.6;
				ONLY_ACTIVE_ARCH = YES;
				SDKROOT = macosx;
				VALID_ARCHS = "x86_64 i386";
			};
			name = Debug;
		};
		9A40FE1F13AF650900176B67 /* Release */ = {
			isa = XCBuildConfiguration;
			buildSettings = {
				ARCHS = "$(ARCHS_STANDARD_32_64_BIT)";
				CODE_SIGN_IDENTITY = "";
				GCC_C_LANGUAGE_STANDARD = gnu99;
				GCC_VERSION = com.apple.compilers.llvm.clang.1_0;
				GCC_WARN_64_TO_32_BIT_CONVERSION = YES;
				GCC_WARN_ABOUT_RETURN_TYPE = YES;
				GCC_WARN_UNUSED_VARIABLE = YES;
				MACOSX_DEPLOYMENT_TARGET = 10.6;
				SDKROOT = macosx;
				VALID_ARCHS = "x86_64 i386";
			};
			name = Release;
		};
		9A40FE2113AF650900176B67 /* Debug */ = {
			isa = XCBuildConfiguration;
			buildSettings = {
				ALWAYS_SEARCH_USER_PATHS = NO;
				ARCHS = "$(ARCHS_STANDARD_32_64_BIT)";
				CODE_SIGN_IDENTITY = "";
				COPY_PHASE_STRIP = NO;
				GCC_DYNAMIC_NO_PIC = NO;
				GCC_ENABLE_OBJC_EXCEPTIONS = YES;
				GCC_PRECOMPILE_PREFIX_HEADER = YES;
				GCC_PREFIX_HEADER = "Envelop/Envelop-Prefix.pch";
				INFOPLIST_FILE = "Envelop/Envelop-Info.plist";
				PRODUCT_NAME = "$(TARGET_NAME)";
				VALID_ARCHS = "x86_64 i386";
				WRAPPER_EXTENSION = app;
			};
			name = Debug;
		};
		9A40FE2213AF650900176B67 /* Release */ = {
			isa = XCBuildConfiguration;
			buildSettings = {
				ALWAYS_SEARCH_USER_PATHS = NO;
				ARCHS = "$(ARCHS_STANDARD_32_64_BIT)";
				CODE_SIGN_IDENTITY = "";
				COPY_PHASE_STRIP = YES;
				DEBUG_INFORMATION_FORMAT = "dwarf-with-dsym";
				GCC_ENABLE_OBJC_EXCEPTIONS = YES;
				GCC_PRECOMPILE_PREFIX_HEADER = YES;
				GCC_PREFIX_HEADER = "Envelop/Envelop-Prefix.pch";
				INFOPLIST_FILE = "Envelop/Envelop-Info.plist";
				PRODUCT_NAME = "$(TARGET_NAME)";
				VALID_ARCHS = "x86_64 i386";
				WRAPPER_EXTENSION = app;
			};
			name = Release;
		};
		9A40FE2413AF650900176B67 /* Debug */ = {
			isa = XCBuildConfiguration;
			buildSettings = {
				ALWAYS_SEARCH_USER_PATHS = NO;
				BUNDLE_LOADER = "$(BUILT_PRODUCTS_DIR)/Envelop.app/Contents/MacOS/Envelop";
				COPY_PHASE_STRIP = NO;
				FRAMEWORK_SEARCH_PATHS = "$(DEVELOPER_LIBRARY_DIR)/Frameworks";
				GCC_DYNAMIC_NO_PIC = NO;
				GCC_ENABLE_OBJC_EXCEPTIONS = YES;
				GCC_PRECOMPILE_PREFIX_HEADER = YES;
				GCC_PREFIX_HEADER = "EnvelopTests/EnvelopTests-Prefix.pch";
				INFOPLIST_FILE = "EnvelopTests/EnvelopTests-Info.plist";
				INSTALL_PATH = "$(USER_LIBRARY_DIR)/Bundles";
				OTHER_LDFLAGS = (
					"-framework",
					SenTestingKit,
				);
				PRODUCT_NAME = "$(TARGET_NAME)";
				TEST_HOST = "$(BUNDLE_LOADER)";
				WRAPPER_EXTENSION = octest;
			};
			name = Debug;
		};
		9A40FE2513AF650900176B67 /* Release */ = {
			isa = XCBuildConfiguration;
			buildSettings = {
				ALWAYS_SEARCH_USER_PATHS = NO;
				BUNDLE_LOADER = "$(BUILT_PRODUCTS_DIR)/Envelop.app/Contents/MacOS/Envelop";
				COPY_PHASE_STRIP = YES;
				DEBUG_INFORMATION_FORMAT = "dwarf-with-dsym";
				FRAMEWORK_SEARCH_PATHS = "$(DEVELOPER_LIBRARY_DIR)/Frameworks";
				GCC_ENABLE_OBJC_EXCEPTIONS = YES;
				GCC_PRECOMPILE_PREFIX_HEADER = YES;
				GCC_PREFIX_HEADER = "EnvelopTests/EnvelopTests-Prefix.pch";
				INFOPLIST_FILE = "EnvelopTests/EnvelopTests-Info.plist";
				INSTALL_PATH = "$(USER_LIBRARY_DIR)/Bundles";
				OTHER_LDFLAGS = (
					"-framework",
					SenTestingKit,
				);
				PRODUCT_NAME = "$(TARGET_NAME)";
				TEST_HOST = "$(BUNDLE_LOADER)";
				WRAPPER_EXTENSION = octest;
			};
			name = Release;
		};
/* End XCBuildConfiguration section */

/* Begin XCConfigurationList section */
		9A40FDE813AF650800176B67 /* Build configuration list for PBXProject "Envelop" */ = {
			isa = XCConfigurationList;
			buildConfigurations = (
				9A40FE1E13AF650900176B67 /* Debug */,
				9A40FE1F13AF650900176B67 /* Release */,
			);
			defaultConfigurationIsVisible = 0;
			defaultConfigurationName = Release;
		};
		9A40FE2013AF650900176B67 /* Build configuration list for PBXNativeTarget "Envelop" */ = {
			isa = XCConfigurationList;
			buildConfigurations = (
				9A40FE2113AF650900176B67 /* Debug */,
				9A40FE2213AF650900176B67 /* Release */,
			);
			defaultConfigurationIsVisible = 0;
			defaultConfigurationName = Release;
		};
		9A40FE2313AF650900176B67 /* Build configuration list for PBXNativeTarget "EnvelopTests" */ = {
			isa = XCConfigurationList;
			buildConfigurations = (
				9A40FE2413AF650900176B67 /* Debug */,
				9A40FE2513AF650900176B67 /* Release */,
			);
			defaultConfigurationIsVisible = 0;
			defaultConfigurationName = Release;
		};
/* End XCConfigurationList section */
	};
	rootObject = 9A40FDE513AF650800176B67 /* Project object */;
}
